// !$*UTF8*$!
{
	archiveVersion = 1;
	classes = {
	};
	objectVersion = 46;
	objects = {

/* Begin PBXBuildFile section */
		5A6335828C2F6A8F0D97EDDE /* Pods_NativePubNubChatTests.framework in Frameworks */ = {isa = PBXBuildFile; fileRef = FF71FCC3EA56D3A3EF52E840 /* Pods_NativePubNubChatTests.framework */; };
		6BC92D751E4D65F2002B1B85 /* AppDelegate.swift in Sources */ = {isa = PBXBuildFile; fileRef = 6BC92D741E4D65F2002B1B85 /* AppDelegate.swift */; };
		6BC92D771E4D65F2002B1B85 /* ViewController.swift in Sources */ = {isa = PBXBuildFile; fileRef = 6BC92D761E4D65F2002B1B85 /* ViewController.swift */; };
		6BC92D7A1E4D65F2002B1B85 /* Main.storyboard in Resources */ = {isa = PBXBuildFile; fileRef = 6BC92D781E4D65F2002B1B85 /* Main.storyboard */; };
		6BC92D7F1E4D65F2002B1B85 /* Assets.xcassets in Resources */ = {isa = PBXBuildFile; fileRef = 6BC92D7E1E4D65F2002B1B85 /* Assets.xcassets */; };
		6BC92D821E4D65F2002B1B85 /* LaunchScreen.storyboard in Resources */ = {isa = PBXBuildFile; fileRef = 6BC92D801E4D65F2002B1B85 /* LaunchScreen.storyboard */; };
		6BC92D8D1E4D65F3002B1B85 /* NativePubNubChatTests.swift in Sources */ = {isa = PBXBuildFile; fileRef = 6BC92D8C1E4D65F2002B1B85 /* NativePubNubChatTests.swift */; };
		6BC92D981E4D65F3002B1B85 /* NativePubNubChatUITests.swift in Sources */ = {isa = PBXBuildFile; fileRef = 6BC92D971E4D65F3002B1B85 /* NativePubNubChatUITests.swift */; };
		9B21E7B481F6AD41CC7C5C3A /* Pods_NativePubNubChatUITests.framework in Frameworks */ = {isa = PBXBuildFile; fileRef = 11D2DF3145F23E19D5B67648 /* Pods_NativePubNubChatUITests.framework */; };
		DFE2879685834C09D3D7486C /* Pods_NativePubNubChat.framework in Frameworks */ = {isa = PBXBuildFile; fileRef = 788EBEA3A4A26FC612912B36 /* Pods_NativePubNubChat.framework */; };
/* End PBXBuildFile section */

/* Begin PBXContainerItemProxy section */
		6BC92D891E4D65F2002B1B85 /* PBXContainerItemProxy */ = {
			isa = PBXContainerItemProxy;
			containerPortal = 6BC92D691E4D65F2002B1B85 /* Project object */;
			proxyType = 1;
			remoteGlobalIDString = 6BC92D701E4D65F2002B1B85;
			remoteInfo = NativePubNubChat;
		};
		6BC92D941E4D65F3002B1B85 /* PBXContainerItemProxy */ = {
			isa = PBXContainerItemProxy;
			containerPortal = 6BC92D691E4D65F2002B1B85 /* Project object */;
			proxyType = 1;
			remoteGlobalIDString = 6BC92D701E4D65F2002B1B85;
			remoteInfo = NativePubNubChat;
		};
/* End PBXContainerItemProxy section */

/* Begin PBXFileReference section */
		0BCBF9BAF48C34806378AC76 /* Pods-NativePubNubChatUITests.debug.xcconfig */ = {isa = PBXFileReference; includeInIndex = 1; lastKnownFileType = text.xcconfig; name = "Pods-NativePubNubChatUITests.debug.xcconfig"; path = "Pods/Target Support Files/Pods-NativePubNubChatUITests/Pods-NativePubNubChatUITests.debug.xcconfig"; sourceTree = "<group>"; };
		11D2DF3145F23E19D5B67648 /* Pods_NativePubNubChatUITests.framework */ = {isa = PBXFileReference; explicitFileType = wrapper.framework; includeInIndex = 0; path = Pods_NativePubNubChatUITests.framework; sourceTree = BUILT_PRODUCTS_DIR; };
		238B1F37EBA310BAE1B306C2 /* Pods-NativePubNubChatTests.release.xcconfig */ = {isa = PBXFileReference; includeInIndex = 1; lastKnownFileType = text.xcconfig; name = "Pods-NativePubNubChatTests.release.xcconfig"; path = "Pods/Target Support Files/Pods-NativePubNubChatTests/Pods-NativePubNubChatTests.release.xcconfig"; sourceTree = "<group>"; };
		6BC92D711E4D65F2002B1B85 /* NativePubNubChat.app */ = {isa = PBXFileReference; explicitFileType = wrapper.application; includeInIndex = 0; path = NativePubNubChat.app; sourceTree = BUILT_PRODUCTS_DIR; };
		6BC92D741E4D65F2002B1B85 /* AppDelegate.swift */ = {isa = PBXFileReference; lastKnownFileType = sourcecode.swift; path = AppDelegate.swift; sourceTree = "<group>"; };
		6BC92D761E4D65F2002B1B85 /* ViewController.swift */ = {isa = PBXFileReference; lastKnownFileType = sourcecode.swift; path = ViewController.swift; sourceTree = "<group>"; };
		6BC92D791E4D65F2002B1B85 /* Base */ = {isa = PBXFileReference; lastKnownFileType = file.storyboard; name = Base; path = Base.lproj/Main.storyboard; sourceTree = "<group>"; };
		6BC92D7E1E4D65F2002B1B85 /* Assets.xcassets */ = {isa = PBXFileReference; lastKnownFileType = folder.assetcatalog; path = Assets.xcassets; sourceTree = "<group>"; };
		6BC92D811E4D65F2002B1B85 /* Base */ = {isa = PBXFileReference; lastKnownFileType = file.storyboard; name = Base; path = Base.lproj/LaunchScreen.storyboard; sourceTree = "<group>"; };
		6BC92D831E4D65F2002B1B85 /* Info.plist */ = {isa = PBXFileReference; lastKnownFileType = text.plist.xml; path = Info.plist; sourceTree = "<group>"; };
		6BC92D881E4D65F2002B1B85 /* NativePubNubChatTests.xctest */ = {isa = PBXFileReference; explicitFileType = wrapper.cfbundle; includeInIndex = 0; path = NativePubNubChatTests.xctest; sourceTree = BUILT_PRODUCTS_DIR; };
		6BC92D8C1E4D65F2002B1B85 /* NativePubNubChatTests.swift */ = {isa = PBXFileReference; lastKnownFileType = sourcecode.swift; path = NativePubNubChatTests.swift; sourceTree = "<group>"; };
		6BC92D8E1E4D65F3002B1B85 /* Info.plist */ = {isa = PBXFileReference; lastKnownFileType = text.plist.xml; path = Info.plist; sourceTree = "<group>"; };
		6BC92D931E4D65F3002B1B85 /* NativePubNubChatUITests.xctest */ = {isa = PBXFileReference; explicitFileType = wrapper.cfbundle; includeInIndex = 0; path = NativePubNubChatUITests.xctest; sourceTree = BUILT_PRODUCTS_DIR; };
		6BC92D971E4D65F3002B1B85 /* NativePubNubChatUITests.swift */ = {isa = PBXFileReference; lastKnownFileType = sourcecode.swift; path = NativePubNubChatUITests.swift; sourceTree = "<group>"; };
		6BC92D991E4D65F3002B1B85 /* Info.plist */ = {isa = PBXFileReference; lastKnownFileType = text.plist.xml; path = Info.plist; sourceTree = "<group>"; };
		788EBEA3A4A26FC612912B36 /* Pods_NativePubNubChat.framework */ = {isa = PBXFileReference; explicitFileType = wrapper.framework; includeInIndex = 0; path = Pods_NativePubNubChat.framework; sourceTree = BUILT_PRODUCTS_DIR; };
		A8769690F9D64D871481EDDE /* Pods-NativePubNubChatTests.debug.xcconfig */ = {isa = PBXFileReference; includeInIndex = 1; lastKnownFileType = text.xcconfig; name = "Pods-NativePubNubChatTests.debug.xcconfig"; path = "Pods/Target Support Files/Pods-NativePubNubChatTests/Pods-NativePubNubChatTests.debug.xcconfig"; sourceTree = "<group>"; };
		ABAEED993133C8D7D938FDB0 /* Pods-NativePubNubChat.debug.xcconfig */ = {isa = PBXFileReference; includeInIndex = 1; lastKnownFileType = text.xcconfig; name = "Pods-NativePubNubChat.debug.xcconfig"; path = "Pods/Target Support Files/Pods-NativePubNubChat/Pods-NativePubNubChat.debug.xcconfig"; sourceTree = "<group>"; };
		B67AFBCC514FEB00C10EB178 /* Pods-NativePubNubChat.release.xcconfig */ = {isa = PBXFileReference; includeInIndex = 1; lastKnownFileType = text.xcconfig; name = "Pods-NativePubNubChat.release.xcconfig"; path = "Pods/Target Support Files/Pods-NativePubNubChat/Pods-NativePubNubChat.release.xcconfig"; sourceTree = "<group>"; };
		CA2F0FFF636178413CBA48E4 /* Pods-NativePubNubChatUITests.release.xcconfig */ = {isa = PBXFileReference; includeInIndex = 1; lastKnownFileType = text.xcconfig; name = "Pods-NativePubNubChatUITests.release.xcconfig"; path = "Pods/Target Support Files/Pods-NativePubNubChatUITests/Pods-NativePubNubChatUITests.release.xcconfig"; sourceTree = "<group>"; };
		FF71FCC3EA56D3A3EF52E840 /* Pods_NativePubNubChatTests.framework */ = {isa = PBXFileReference; explicitFileType = wrapper.framework; includeInIndex = 0; path = Pods_NativePubNubChatTests.framework; sourceTree = BUILT_PRODUCTS_DIR; };
/* End PBXFileReference section */

/* Begin PBXFrameworksBuildPhase section */
		6BC92D6E1E4D65F2002B1B85 /* Frameworks */ = {
			isa = PBXFrameworksBuildPhase;
			buildActionMask = 2147483647;
			files = (
				DFE2879685834C09D3D7486C /* Pods_NativePubNubChat.framework in Frameworks */,
			);
			runOnlyForDeploymentPostprocessing = 0;
		};
		6BC92D851E4D65F2002B1B85 /* Frameworks */ = {
			isa = PBXFrameworksBuildPhase;
			buildActionMask = 2147483647;
			files = (
				5A6335828C2F6A8F0D97EDDE /* Pods_NativePubNubChatTests.framework in Frameworks */,
			);
			runOnlyForDeploymentPostprocessing = 0;
		};
		6BC92D901E4D65F3002B1B85 /* Frameworks */ = {
			isa = PBXFrameworksBuildPhase;
			buildActionMask = 2147483647;
			files = (
				9B21E7B481F6AD41CC7C5C3A /* Pods_NativePubNubChatUITests.framework in Frameworks */,
			);
			runOnlyForDeploymentPostprocessing = 0;
		};
/* End PBXFrameworksBuildPhase section */

/* Begin PBXGroup section */
		457AB796046D516030E7141C /* Frameworks */ = {
			isa = PBXGroup;
			children = (
				788EBEA3A4A26FC612912B36 /* Pods_NativePubNubChat.framework */,
				FF71FCC3EA56D3A3EF52E840 /* Pods_NativePubNubChatTests.framework */,
				11D2DF3145F23E19D5B67648 /* Pods_NativePubNubChatUITests.framework */,
			);
			name = Frameworks;
			sourceTree = "<group>";
		};
		6BC92D681E4D65F2002B1B85 = {
			isa = PBXGroup;
			children = (
				6BC92D731E4D65F2002B1B85 /* NativePubNubChat */,
				6BC92D8B1E4D65F2002B1B85 /* NativePubNubChatTests */,
				6BC92D961E4D65F3002B1B85 /* NativePubNubChatUITests */,
				6BC92D721E4D65F2002B1B85 /* Products */,
				76D190D840D55AE897AB1144 /* Pods */,
				457AB796046D516030E7141C /* Frameworks */,
			);
			sourceTree = "<group>";
		};
		6BC92D721E4D65F2002B1B85 /* Products */ = {
			isa = PBXGroup;
			children = (
				6BC92D711E4D65F2002B1B85 /* NativePubNubChat.app */,
				6BC92D881E4D65F2002B1B85 /* NativePubNubChatTests.xctest */,
				6BC92D931E4D65F3002B1B85 /* NativePubNubChatUITests.xctest */,
			);
			name = Products;
			sourceTree = "<group>";
		};
		6BC92D731E4D65F2002B1B85 /* NativePubNubChat */ = {
			isa = PBXGroup;
			children = (
				6BC92D741E4D65F2002B1B85 /* AppDelegate.swift */,
				6BC92D761E4D65F2002B1B85 /* ViewController.swift */,
				6BC92D781E4D65F2002B1B85 /* Main.storyboard */,
				6BC92D7E1E4D65F2002B1B85 /* Assets.xcassets */,
				6BC92D801E4D65F2002B1B85 /* LaunchScreen.storyboard */,
				6BC92D831E4D65F2002B1B85 /* Info.plist */,
			);
			path = NativePubNubChat;
			sourceTree = "<group>";
		};
		6BC92D8B1E4D65F2002B1B85 /* NativePubNubChatTests */ = {
			isa = PBXGroup;
			children = (
				6BC92D8C1E4D65F2002B1B85 /* NativePubNubChatTests.swift */,
				6BC92D8E1E4D65F3002B1B85 /* Info.plist */,
			);
			path = NativePubNubChatTests;
			sourceTree = "<group>";
		};
		6BC92D961E4D65F3002B1B85 /* NativePubNubChatUITests */ = {
			isa = PBXGroup;
			children = (
				6BC92D971E4D65F3002B1B85 /* NativePubNubChatUITests.swift */,
				6BC92D991E4D65F3002B1B85 /* Info.plist */,
			);
			path = NativePubNubChatUITests;
			sourceTree = "<group>";
		};
		76D190D840D55AE897AB1144 /* Pods */ = {
			isa = PBXGroup;
			children = (
				ABAEED993133C8D7D938FDB0 /* Pods-NativePubNubChat.debug.xcconfig */,
				B67AFBCC514FEB00C10EB178 /* Pods-NativePubNubChat.release.xcconfig */,
				A8769690F9D64D871481EDDE /* Pods-NativePubNubChatTests.debug.xcconfig */,
				238B1F37EBA310BAE1B306C2 /* Pods-NativePubNubChatTests.release.xcconfig */,
				0BCBF9BAF48C34806378AC76 /* Pods-NativePubNubChatUITests.debug.xcconfig */,
				CA2F0FFF636178413CBA48E4 /* Pods-NativePubNubChatUITests.release.xcconfig */,
			);
			name = Pods;
			sourceTree = "<group>";
		};
/* End PBXGroup section */

/* Begin PBXNativeTarget section */
		6BC92D701E4D65F2002B1B85 /* NativePubNubChat */ = {
			isa = PBXNativeTarget;
			buildConfigurationList = 6BC92D9C1E4D65F3002B1B85 /* Build configuration list for PBXNativeTarget "NativePubNubChat" */;
			buildPhases = (
				B77BC0DC546452C535653949 /* [CP] Check Pods Manifest.lock */,
				6BC92D6D1E4D65F2002B1B85 /* Sources */,
				6BC92D6E1E4D65F2002B1B85 /* Frameworks */,
				6BC92D6F1E4D65F2002B1B85 /* Resources */,
				6A523F6BD3612672BF180FEA /* [CP] Embed Pods Frameworks */,
				8395008CE641E6F18FCC3146 /* [CP] Copy Pods Resources */,
			);
			buildRules = (
			);
			dependencies = (
			);
			name = NativePubNubChat;
			productName = NativePubNubChat;
			productReference = 6BC92D711E4D65F2002B1B85 /* NativePubNubChat.app */;
			productType = "com.apple.product-type.application";
		};
		6BC92D871E4D65F2002B1B85 /* NativePubNubChatTests */ = {
			isa = PBXNativeTarget;
			buildConfigurationList = 6BC92D9F1E4D65F3002B1B85 /* Build configuration list for PBXNativeTarget "NativePubNubChatTests" */;
			buildPhases = (
				88D71AD86F624560FA62971F /* [CP] Check Pods Manifest.lock */,
				6BC92D841E4D65F2002B1B85 /* Sources */,
				6BC92D851E4D65F2002B1B85 /* Frameworks */,
				6BC92D861E4D65F2002B1B85 /* Resources */,
				372FA2F0BC9F521B997F53FA /* [CP] Embed Pods Frameworks */,
				92309B19CA795B7B90D9F692 /* [CP] Copy Pods Resources */,
			);
			buildRules = (
			);
			dependencies = (
				6BC92D8A1E4D65F2002B1B85 /* PBXTargetDependency */,
			);
			name = NativePubNubChatTests;
			productName = NativePubNubChatTests;
			productReference = 6BC92D881E4D65F2002B1B85 /* NativePubNubChatTests.xctest */;
			productType = "com.apple.product-type.bundle.unit-test";
		};
		6BC92D921E4D65F3002B1B85 /* NativePubNubChatUITests */ = {
			isa = PBXNativeTarget;
			buildConfigurationList = 6BC92DA21E4D65F3002B1B85 /* Build configuration list for PBXNativeTarget "NativePubNubChatUITests" */;
			buildPhases = (
				232367045E96BD19E26672AB /* [CP] Check Pods Manifest.lock */,
				6BC92D8F1E4D65F3002B1B85 /* Sources */,
				6BC92D901E4D65F3002B1B85 /* Frameworks */,
				6BC92D911E4D65F3002B1B85 /* Resources */,
				40CD04CA19468DBEF94BF68F /* [CP] Embed Pods Frameworks */,
				00FAD084DCF46C8FCBBF0383 /* [CP] Copy Pods Resources */,
			);
			buildRules = (
			);
			dependencies = (
				6BC92D951E4D65F3002B1B85 /* PBXTargetDependency */,
			);
			name = NativePubNubChatUITests;
			productName = NativePubNubChatUITests;
			productReference = 6BC92D931E4D65F3002B1B85 /* NativePubNubChatUITests.xctest */;
			productType = "com.apple.product-type.bundle.ui-testing";
		};
/* End PBXNativeTarget section */

/* Begin PBXProject section */
		6BC92D691E4D65F2002B1B85 /* Project object */ = {
			isa = PBXProject;
			attributes = {
				LastSwiftUpdateCheck = 0820;
				LastUpgradeCheck = 0820;
				ORGANIZATIONNAME = "Oliver Solano";
				TargetAttributes = {
					6BC92D701E4D65F2002B1B85 = {
						CreatedOnToolsVersion = 8.2.1;
						DevelopmentTeam = LKUKK4X746;
						ProvisioningStyle = Automatic;
					};
					6BC92D871E4D65F2002B1B85 = {
						CreatedOnToolsVersion = 8.2.1;
						DevelopmentTeam = LKUKK4X746;
						ProvisioningStyle = Automatic;
						TestTargetID = 6BC92D701E4D65F2002B1B85;
					};
					6BC92D921E4D65F3002B1B85 = {
						CreatedOnToolsVersion = 8.2.1;
						DevelopmentTeam = LKUKK4X746;
						ProvisioningStyle = Automatic;
						TestTargetID = 6BC92D701E4D65F2002B1B85;
					};
				};
			};
			buildConfigurationList = 6BC92D6C1E4D65F2002B1B85 /* Build configuration list for PBXProject "NativePubNubChat" */;
			compatibilityVersion = "Xcode 3.2";
			developmentRegion = English;
			hasScannedForEncodings = 0;
			knownRegions = (
				en,
				Base,
			);
			mainGroup = 6BC92D681E4D65F2002B1B85;
			productRefGroup = 6BC92D721E4D65F2002B1B85 /* Products */;
			projectDirPath = "";
			projectRoot = "";
			targets = (
				6BC92D701E4D65F2002B1B85 /* NativePubNubChat */,
				6BC92D871E4D65F2002B1B85 /* NativePubNubChatTests */,
				6BC92D921E4D65F3002B1B85 /* NativePubNubChatUITests */,
			);
		};
/* End PBXProject section */

/* Begin PBXResourcesBuildPhase section */
		6BC92D6F1E4D65F2002B1B85 /* Resources */ = {
			isa = PBXResourcesBuildPhase;
			buildActionMask = 2147483647;
			files = (
				6BC92D821E4D65F2002B1B85 /* LaunchScreen.storyboard in Resources */,
				6BC92D7F1E4D65F2002B1B85 /* Assets.xcassets in Resources */,
				6BC92D7A1E4D65F2002B1B85 /* Main.storyboard in Resources */,
			);
			runOnlyForDeploymentPostprocessing = 0;
		};
		6BC92D861E4D65F2002B1B85 /* Resources */ = {
			isa = PBXResourcesBuildPhase;
			buildActionMask = 2147483647;
			files = (
			);
			runOnlyForDeploymentPostprocessing = 0;
		};
		6BC92D911E4D65F3002B1B85 /* Resources */ = {
			isa = PBXResourcesBuildPhase;
			buildActionMask = 2147483647;
			files = (
			);
			runOnlyForDeploymentPostprocessing = 0;
		};
/* End PBXResourcesBuildPhase section */

/* Begin PBXShellScriptBuildPhase section */
		00FAD084DCF46C8FCBBF0383 /* [CP] Copy Pods Resources */ = {
			isa = PBXShellScriptBuildPhase;
			buildActionMask = 2147483647;
			files = (
			);
			inputPaths = (
			);
			name = "[CP] Copy Pods Resources";
			outputPaths = (
			);
			runOnlyForDeploymentPostprocessing = 0;
			shellPath = /bin/sh;
			shellScript = "\"${SRCROOT}/Pods/Target Support Files/Pods-NativePubNubChatUITests/Pods-NativePubNubChatUITests-resources.sh\"\n";
			showEnvVarsInLog = 0;
		};
		232367045E96BD19E26672AB /* [CP] Check Pods Manifest.lock */ = {
			isa = PBXShellScriptBuildPhase;
			buildActionMask = 2147483647;
			files = (
			);
			inputPaths = (
			);
			name = "[CP] Check Pods Manifest.lock";
			outputPaths = (
			);
			runOnlyForDeploymentPostprocessing = 0;
			shellPath = /bin/sh;
			shellScript = "diff \"${PODS_ROOT}/../Podfile.lock\" \"${PODS_ROOT}/Manifest.lock\" > /dev/null\nif [ $? != 0 ] ; then\n    # print error to STDERR\n    echo \"error: The sandbox is not in sync with the Podfile.lock. Run 'pod install' or update your CocoaPods installation.\" >&2\n    exit 1\nfi\n";
			showEnvVarsInLog = 0;
		};
		372FA2F0BC9F521B997F53FA /* [CP] Embed Pods Frameworks */ = {
			isa = PBXShellScriptBuildPhase;
			buildActionMask = 2147483647;
			files = (
			);
			inputPaths = (
			);
			name = "[CP] Embed Pods Frameworks";
			outputPaths = (
			);
			runOnlyForDeploymentPostprocessing = 0;
			shellPath = /bin/sh;
			shellScript = "\"${SRCROOT}/Pods/Target Support Files/Pods-NativePubNubChatTests/Pods-NativePubNubChatTests-frameworks.sh\"\n";
			showEnvVarsInLog = 0;
		};
		40CD04CA19468DBEF94BF68F /* [CP] Embed Pods Frameworks */ = {
			isa = PBXShellScriptBuildPhase;
			buildActionMask = 2147483647;
			files = (
			);
			inputPaths = (
			);
			name = "[CP] Embed Pods Frameworks";
			outputPaths = (
			);
			runOnlyForDeploymentPostprocessing = 0;
			shellPath = /bin/sh;
			shellScript = "\"${SRCROOT}/Pods/Target Support Files/Pods-NativePubNubChatUITests/Pods-NativePubNubChatUITests-frameworks.sh\"\n";
			showEnvVarsInLog = 0;
		};
		6A523F6BD3612672BF180FEA /* [CP] Embed Pods Frameworks */ = {
			isa = PBXShellScriptBuildPhase;
			buildActionMask = 2147483647;
			files = (
			);
			inputPaths = (
			);
			name = "[CP] Embed Pods Frameworks";
			outputPaths = (
			);
			runOnlyForDeploymentPostprocessing = 0;
			shellPath = /bin/sh;
			shellScript = "\"${SRCROOT}/Pods/Target Support Files/Pods-NativePubNubChat/Pods-NativePubNubChat-frameworks.sh\"\n";
			showEnvVarsInLog = 0;
		};
		8395008CE641E6F18FCC3146 /* [CP] Copy Pods Resources */ = {
			isa = PBXShellScriptBuildPhase;
			buildActionMask = 2147483647;
			files = (
			);
			inputPaths = (
			);
			name = "[CP] Copy Pods Resources";
			outputPaths = (
			);
			runOnlyForDeploymentPostprocessing = 0;
			shellPath = /bin/sh;
			shellScript = "\"${SRCROOT}/Pods/Target Support Files/Pods-NativePubNubChat/Pods-NativePubNubChat-resources.sh\"\n";
			showEnvVarsInLog = 0;
		};
		88D71AD86F624560FA62971F /* [CP] Check Pods Manifest.lock */ = {
			isa = PBXShellScriptBuildPhase;
			buildActionMask = 2147483647;
			files = (
			);
			inputPaths = (
			);
			name = "[CP] Check Pods Manifest.lock";
			outputPaths = (
			);
			runOnlyForDeploymentPostprocessing = 0;
			shellPath = /bin/sh;
			shellScript = "diff \"${PODS_ROOT}/../Podfile.lock\" \"${PODS_ROOT}/Manifest.lock\" > /dev/null\nif [ $? != 0 ] ; then\n    # print error to STDERR\n    echo \"error: The sandbox is not in sync with the Podfile.lock. Run 'pod install' or update your CocoaPods installation.\" >&2\n    exit 1\nfi\n";
			showEnvVarsInLog = 0;
		};
		92309B19CA795B7B90D9F692 /* [CP] Copy Pods Resources */ = {
			isa = PBXShellScriptBuildPhase;
			buildActionMask = 2147483647;
			files = (
			);
			inputPaths = (
			);
			name = "[CP] Copy Pods Resources";
			outputPaths = (
			);
			runOnlyForDeploymentPostprocessing = 0;
			shellPath = /bin/sh;
			shellScript = "\"${SRCROOT}/Pods/Target Support Files/Pods-NativePubNubChatTests/Pods-NativePubNubChatTests-resources.sh\"\n";
			showEnvVarsInLog = 0;
		};
		B77BC0DC546452C535653949 /* [CP] Check Pods Manifest.lock */ = {
			isa = PBXShellScriptBuildPhase;
			buildActionMask = 2147483647;
			files = (
			);
			inputPaths = (
			);
			name = "[CP] Check Pods Manifest.lock";
			outputPaths = (
			);
			runOnlyForDeploymentPostprocessing = 0;
			shellPath = /bin/sh;
			shellScript = "diff \"${PODS_ROOT}/../Podfile.lock\" \"${PODS_ROOT}/Manifest.lock\" > /dev/null\nif [ $? != 0 ] ; then\n    # print error to STDERR\n    echo \"error: The sandbox is not in sync with the Podfile.lock. Run 'pod install' or update your CocoaPods installation.\" >&2\n    exit 1\nfi\n";
			showEnvVarsInLog = 0;
		};
/* End PBXShellScriptBuildPhase section */

/* Begin PBXSourcesBuildPhase section */
		6BC92D6D1E4D65F2002B1B85 /* Sources */ = {
			isa = PBXSourcesBuildPhase;
			buildActionMask = 2147483647;
			files = (
				6BC92D771E4D65F2002B1B85 /* ViewController.swift in Sources */,
				6BC92D751E4D65F2002B1B85 /* AppDelegate.swift in Sources */,
			);
			runOnlyForDeploymentPostprocessing = 0;
		};
		6BC92D841E4D65F2002B1B85 /* Sources */ = {
			isa = PBXSourcesBuildPhase;
			buildActionMask = 2147483647;
			files = (
				6BC92D8D1E4D65F3002B1B85 /* NativePubNubChatTests.swift in Sources */,
			);
			runOnlyForDeploymentPostprocessing = 0;
		};
		6BC92D8F1E4D65F3002B1B85 /* Sources */ = {
			isa = PBXSourcesBuildPhase;
			buildActionMask = 2147483647;
			files = (
				6BC92D981E4D65F3002B1B85 /* NativePubNubChatUITests.swift in Sources */,
			);
			runOnlyForDeploymentPostprocessing = 0;
		};
/* End PBXSourcesBuildPhase section */

/* Begin PBXTargetDependency section */
		6BC92D8A1E4D65F2002B1B85 /* PBXTargetDependency */ = {
			isa = PBXTargetDependency;
			target = 6BC92D701E4D65F2002B1B85 /* NativePubNubChat */;
			targetProxy = 6BC92D891E4D65F2002B1B85 /* PBXContainerItemProxy */;
		};
		6BC92D951E4D65F3002B1B85 /* PBXTargetDependency */ = {
			isa = PBXTargetDependency;
			target = 6BC92D701E4D65F2002B1B85 /* NativePubNubChat */;
			targetProxy = 6BC92D941E4D65F3002B1B85 /* PBXContainerItemProxy */;
		};
/* End PBXTargetDependency section */

/* Begin PBXVariantGroup section */
		6BC92D781E4D65F2002B1B85 /* Main.storyboard */ = {
			isa = PBXVariantGroup;
			children = (
				6BC92D791E4D65F2002B1B85 /* Base */,
			);
			name = Main.storyboard;
			sourceTree = "<group>";
		};
		6BC92D801E4D65F2002B1B85 /* LaunchScreen.storyboard */ = {
			isa = PBXVariantGroup;
			children = (
				6BC92D811E4D65F2002B1B85 /* Base */,
			);
			name = LaunchScreen.storyboard;
			sourceTree = "<group>";
		};
/* End PBXVariantGroup section */

/* Begin XCBuildConfiguration section */
		6BC92D9A1E4D65F3002B1B85 /* Debug */ = {
			isa = XCBuildConfiguration;
			buildSettings = {
				ALWAYS_SEARCH_USER_PATHS = NO;
				CLANG_ANALYZER_NONNULL = YES;
				CLANG_CXX_LANGUAGE_STANDARD = "gnu++0x";
				CLANG_CXX_LIBRARY = "libc++";
				CLANG_ENABLE_MODULES = YES;
				CLANG_ENABLE_OBJC_ARC = YES;
				CLANG_WARN_BOOL_CONVERSION = YES;
				CLANG_WARN_CONSTANT_CONVERSION = YES;
				CLANG_WARN_DIRECT_OBJC_ISA_USAGE = YES_ERROR;
				CLANG_WARN_DOCUMENTATION_COMMENTS = YES;
				CLANG_WARN_EMPTY_BODY = YES;
				CLANG_WARN_ENUM_CONVERSION = YES;
				CLANG_WARN_INFINITE_RECURSION = YES;
				CLANG_WARN_INT_CONVERSION = YES;
				CLANG_WARN_OBJC_ROOT_CLASS = YES_ERROR;
				CLANG_WARN_SUSPICIOUS_MOVE = YES;
				CLANG_WARN_UNREACHABLE_CODE = YES;
				CLANG_WARN__DUPLICATE_METHOD_MATCH = YES;
				"CODE_SIGN_IDENTITY[sdk=iphoneos*]" = "iPhone Developer";
				COPY_PHASE_STRIP = NO;
				DEBUG_INFORMATION_FORMAT = dwarf;
				ENABLE_STRICT_OBJC_MSGSEND = YES;
				ENABLE_TESTABILITY = YES;
				GCC_C_LANGUAGE_STANDARD = gnu99;
				GCC_DYNAMIC_NO_PIC = NO;
				GCC_NO_COMMON_BLOCKS = YES;
				GCC_OPTIMIZATION_LEVEL = 0;
				GCC_PREPROCESSOR_DEFINITIONS = (
					"DEBUG=1",
					"$(inherited)",
				);
				GCC_WARN_64_TO_32_BIT_CONVERSION = YES;
				GCC_WARN_ABOUT_RETURN_TYPE = YES_ERROR;
				GCC_WARN_UNDECLARED_SELECTOR = YES;
				GCC_WARN_UNINITIALIZED_AUTOS = YES_AGGRESSIVE;
				GCC_WARN_UNUSED_FUNCTION = YES;
				GCC_WARN_UNUSED_VARIABLE = YES;
				IPHONEOS_DEPLOYMENT_TARGET = 10.2;
				MTL_ENABLE_DEBUG_INFO = YES;
				ONLY_ACTIVE_ARCH = YES;
				SDKROOT = iphoneos;
				SWIFT_ACTIVE_COMPILATION_CONDITIONS = DEBUG;
				SWIFT_OPTIMIZATION_LEVEL = "-Onone";
				TARGETED_DEVICE_FAMILY = "1,2";
			};
			name = Debug;
		};
		6BC92D9B1E4D65F3002B1B85 /* Release */ = {
			isa = XCBuildConfiguration;
			buildSettings = {
				ALWAYS_SEARCH_USER_PATHS = NO;
				CLANG_ANALYZER_NONNULL = YES;
				CLANG_CXX_LANGUAGE_STANDARD = "gnu++0x";
				CLANG_CXX_LIBRARY = "libc++";
				CLANG_ENABLE_MODULES = YES;
				CLANG_ENABLE_OBJC_ARC = YES;
				CLANG_WARN_BOOL_CONVERSION = YES;
				CLANG_WARN_CONSTANT_CONVERSION = YES;
				CLANG_WARN_DIRECT_OBJC_ISA_USAGE = YES_ERROR;
				CLANG_WARN_DOCUMENTATION_COMMENTS = YES;
				CLANG_WARN_EMPTY_BODY = YES;
				CLANG_WARN_ENUM_CONVERSION = YES;
				CLANG_WARN_INFINITE_RECURSION = YES;
				CLANG_WARN_INT_CONVERSION = YES;
				CLANG_WARN_OBJC_ROOT_CLASS = YES_ERROR;
				CLANG_WARN_SUSPICIOUS_MOVE = YES;
				CLANG_WARN_UNREACHABLE_CODE = YES;
				CLANG_WARN__DUPLICATE_METHOD_MATCH = YES;
				"CODE_SIGN_IDENTITY[sdk=iphoneos*]" = "iPhone Developer";
				COPY_PHASE_STRIP = NO;
				DEBUG_INFORMATION_FORMAT = "dwarf-with-dsym";
				ENABLE_NS_ASSERTIONS = NO;
				ENABLE_STRICT_OBJC_MSGSEND = YES;
				GCC_C_LANGUAGE_STANDARD = gnu99;
				GCC_NO_COMMON_BLOCKS = YES;
				GCC_WARN_64_TO_32_BIT_CONVERSION = YES;
				GCC_WARN_ABOUT_RETURN_TYPE = YES_ERROR;
				GCC_WARN_UNDECLARED_SELECTOR = YES;
				GCC_WARN_UNINITIALIZED_AUTOS = YES_AGGRESSIVE;
				GCC_WARN_UNUSED_FUNCTION = YES;
				GCC_WARN_UNUSED_VARIABLE = YES;
				IPHONEOS_DEPLOYMENT_TARGET = 10.2;
				MTL_ENABLE_DEBUG_INFO = NO;
				SDKROOT = iphoneos;
				SWIFT_OPTIMIZATION_LEVEL = "-Owholemodule";
				TARGETED_DEVICE_FAMILY = "1,2";
				VALIDATE_PRODUCT = YES;
			};
			name = Release;
		};
		6BC92D9D1E4D65F3002B1B85 /* Debug */ = {
			isa = XCBuildConfiguration;
			baseConfigurationReference = ABAEED993133C8D7D938FDB0 /* Pods-NativePubNubChat.debug.xcconfig */;
			buildSettings = {
				ASSETCATALOG_COMPILER_APPICON_NAME = AppIcon;
				DEVELOPMENT_TEAM = LKUKK4X746;
				INFOPLIST_FILE = NativePubNubChat/Info.plist;
				IPHONEOS_DEPLOYMENT_TARGET = 8.0;
				LD_RUNPATH_SEARCH_PATHS = "$(inherited) @executable_path/Frameworks";
				PRODUCT_BUNDLE_IDENTIFIER = com.oliversolano.NativePubNubChat;
				PRODUCT_NAME = "$(TARGET_NAME)";
				SWIFT_VERSION = 3.0;
			};
			name = Debug;
		};
		6BC92D9E1E4D65F3002B1B85 /* Release */ = {
			isa = XCBuildConfiguration;
			baseConfigurationReference = B67AFBCC514FEB00C10EB178 /* Pods-NativePubNubChat.release.xcconfig */;
			buildSettings = {
				ASSETCATALOG_COMPILER_APPICON_NAME = AppIcon;
				DEVELOPMENT_TEAM = LKUKK4X746;
				INFOPLIST_FILE = NativePubNubChat/Info.plist;
				IPHONEOS_DEPLOYMENT_TARGET = 8.0;
				LD_RUNPATH_SEARCH_PATHS = "$(inherited) @executable_path/Frameworks";
				PRODUCT_BUNDLE_IDENTIFIER = com.oliversolano.NativePubNubChat;
				PRODUCT_NAME = "$(TARGET_NAME)";
				SWIFT_VERSION = 3.0;
			};
			name = Release;
		};
		6BC92DA01E4D65F3002B1B85 /* Debug */ = {
			isa = XCBuildConfiguration;
			baseConfigurationReference = A8769690F9D64D871481EDDE /* Pods-NativePubNubChatTests.debug.xcconfig */;
			buildSettings = {
				ALWAYS_EMBED_SWIFT_STANDARD_LIBRARIES = YES;
				BUNDLE_LOADER = "$(TEST_HOST)";
				DEVELOPMENT_TEAM = LKUKK4X746;
				INFOPLIST_FILE = NativePubNubChatTests/Info.plist;
				LD_RUNPATH_SEARCH_PATHS = "$(inherited) @executable_path/Frameworks @loader_path/Frameworks";
				PRODUCT_BUNDLE_IDENTIFIER = com.oliversolano.NativePubNubChatTests;
				PRODUCT_NAME = "$(TARGET_NAME)";
				SWIFT_VERSION = 3.0;
				TEST_HOST = "$(BUILT_PRODUCTS_DIR)/NativePubNubChat.app/NativePubNubChat";
			};
			name = Debug;
		};
		6BC92DA11E4D65F3002B1B85 /* Release */ = {
			isa = XCBuildConfiguration;
			baseConfigurationReference = 238B1F37EBA310BAE1B306C2 /* Pods-NativePubNubChatTests.release.xcconfig */;
			buildSettings = {
				ALWAYS_EMBED_SWIFT_STANDARD_LIBRARIES = YES;
				BUNDLE_LOADER = "$(TEST_HOST)";
				DEVELOPMENT_TEAM = LKUKK4X746;
				INFOPLIST_FILE = NativePubNubChatTests/Info.plist;
				LD_RUNPATH_SEARCH_PATHS = "$(inherited) @executable_path/Frameworks @loader_path/Frameworks";
				PRODUCT_BUNDLE_IDENTIFIER = com.oliversolano.NativePubNubChatTests;
				PRODUCT_NAME = "$(TARGET_NAME)";
				SWIFT_VERSION = 3.0;
				TEST_HOST = "$(BUILT_PRODUCTS_DIR)/NativePubNubChat.app/NativePubNubChat";
			};
			name = Release;
		};
		6BC92DA31E4D65F3002B1B85 /* Debug */ = {
			isa = XCBuildConfiguration;
			baseConfigurationReference = 0BCBF9BAF48C34806378AC76 /* Pods-NativePubNubChatUITests.debug.xcconfig */;
			buildSettings = {
				ALWAYS_EMBED_SWIFT_STANDARD_LIBRARIES = YES;
				DEVELOPMENT_TEAM = LKUKK4X746;
				INFOPLIST_FILE = NativePubNubChatUITests/Info.plist;
				LD_RUNPATH_SEARCH_PATHS = "$(inherited) @executable_path/Frameworks @loader_path/Frameworks";
				PRODUCT_BUNDLE_IDENTIFIER = com.oliversolano.NativePubNubChatUITests;
				PRODUCT_NAME = "$(TARGET_NAME)";
				SWIFT_VERSION = 3.0;
				TEST_TARGET_NAME = NativePubNubChat;
			};
			name = Debug;
		};
		6BC92DA41E4D65F3002B1B85 /* Release */ = {
			isa = XCBuildConfiguration;
			baseConfigurationReference = CA2F0FFF636178413CBA48E4 /* Pods-NativePubNubChatUITests.release.xcconfig */;
			buildSettings = {
				ALWAYS_EMBED_SWIFT_STANDARD_LIBRARIES = YES;
				DEVELOPMENT_TEAM = LKUKK4X746;
				INFOPLIST_FILE = NativePubNubChatUITests/Info.plist;
				LD_RUNPATH_SEARCH_PATHS = "$(inherited) @executable_path/Frameworks @loader_path/Frameworks";
				PRODUCT_BUNDLE_IDENTIFIER = com.oliversolano.NativePubNubChatUITests;
				PRODUCT_NAME = "$(TARGET_NAME)";
				SWIFT_VERSION = 3.0;
				TEST_TARGET_NAME = NativePubNubChat;
			};
			name = Release;
		};
/* End XCBuildConfiguration section */

/* Begin XCConfigurationList section */
		6BC92D6C1E4D65F2002B1B85 /* Build configuration list for PBXProject "NativePubNubChat" */ = {
			isa = XCConfigurationList;
			buildConfigurations = (
				6BC92D9A1E4D65F3002B1B85 /* Debug */,
				6BC92D9B1E4D65F3002B1B85 /* Release */,
			);
			defaultConfigurationIsVisible = 0;
			defaultConfigurationName = Release;
		};
		6BC92D9C1E4D65F3002B1B85 /* Build configuration list for PBXNativeTarget "NativePubNubChat" */ = {
			isa = XCConfigurationList;
			buildConfigurations = (
				6BC92D9D1E4D65F3002B1B85 /* Debug */,
				6BC92D9E1E4D65F3002B1B85 /* Release */,
			);
			defaultConfigurationIsVisible = 0;
			defaultConfigurationName = Release;
		};
		6BC92D9F1E4D65F3002B1B85 /* Build configuration list for PBXNativeTarget "NativePubNubChatTests" */ = {
			isa = XCConfigurationList;
			buildConfigurations = (
				6BC92DA01E4D65F3002B1B85 /* Debug */,
				6BC92DA11E4D65F3002B1B85 /* Release */,
			);
			defaultConfigurationIsVisible = 0;
			defaultConfigurationName = Release;
		};
		6BC92DA21E4D65F3002B1B85 /* Build configuration list for PBXNativeTarget "NativePubNubChatUITests" */ = {
			isa = XCConfigurationList;
			buildConfigurations = (
				6BC92DA31E4D65F3002B1B85 /* Debug */,
				6BC92DA41E4D65F3002B1B85 /* Release */,
			);
			defaultConfigurationIsVisible = 0;
			defaultConfigurationName = Release;
		};
/* End XCConfigurationList section */
	};
	rootObject = 6BC92D691E4D65F2002B1B85 /* Project object */;
}
